
Microsoft Visual Studio Solution File, Format Version 12.00
# Visual Studio 14
VisualStudioVersion = 14.0.25123.0
MinimumVisualStudioVersion = 10.0.40219.1
Project("{1E6AA234-07CB-4033-B6A1-CC68CE296E03}") = "Sitecore.Support.139757", "Sitecore.Support.139757\Sitecore.Support.139757.csproj", "{AB82CAE9-3BB8-4E9A-842C-45CE36DA65B1}"
EndProject
Global
	GlobalSection(SolutionConfigurationPlatforms) = preSolution
		Debug|Any CPU = Debug|Any CPU
		Release|Any CPU = Release|Any CPU
	EndGlobalSection
	GlobalSection(ProjectConfigurationPlatforms) = postSolution
		{AB82CAE9-3BB8-4E9A-842C-45CE36DA65B1}.Debug|Any CPU.ActiveCfg = Debug|Any CPU
		{AB82CAE9-3BB8-4E9A-842C-45CE36DA65B1}.Debug|Any CPU.Build.0 = Debug|Any CPU
		{AB82CAE9-3BB8-4E9A-842C-45CE36DA65B1}.Release|Any CPU.ActiveCfg = Release|Any CPU
		{AB82CAE9-3BB8-4E9A-842C-45CE36DA65B1}.Release|Any CPU.Build.0 = Release|Any CPU
	EndGlobalSection
	GlobalSection(SolutionProperties) = preSolution
		HideSolutionNode = FALSE
	EndGlobalSection
EndGlobal
